%{"cisco_config_copy_ex": {:git, "https://github.com/jonnystorm/cisco-config-copy-elixir", "c49a73451548a4e5a9595663c7ea22c0b29f1b7d", []},
  "net_snmp_ex": {:git, "https://github.com/jonnystorm/net-snmp-elixir", "cbe660d08063a53b79982ee7e8238ef3b3f26033", []},
  "snmp_mib_ex": {:git, "https://github.com/jonnystorm/snmp-mib-elixir", "066a5fdb6e5bfa6a0ac2d95832dac04bac84a634", []}}
