%{"amrita": {:git, "git://github.com/josephwilk/amrita.git", "f51ae5225fb77ed0238e29fc80dbfa95e77c3ceb", []},
  "cisco_config_copy_ex": {:git, "https://github.com/jonnystorm/cisco-config-copy-elixir", "3ee6b302af924a068a8bf468f6d295a5ddf28f85", []},
  "meck": {:git, "https://github.com/eproxus/meck", "710ad9a77c0ae364d48812c02bd265367f469d49", [branch: "master"]},
  "net_snmp_ex": {:git, "https://github.com/jonnystorm/net-snmp-elixir", "8bb9fcdf5d30167b8c9df3e05c326f047b110f78", []},
  "pathname_ex": {:git, "https://github.com/jonnystorm/pathname-elixir", "9bd6e1792ac8f67da18cca2d766d4302532cfc16", []},
  "snmp_mib_ex": {:git, "https://github.com/jonnystorm/snmp-mib-elixir", "03e17c223f866e306b738360aabab5fc27283632", []}}
